{
    "_meta": {
        "hash": {
            "sha256": "ff2c0df7b6c57c7e1f5e5b757c34f27e3f7d6d59d6799072a3057fa7d88a3054"
        },
        "pipfile-spec": 6,
        "requires": {
            "python_version": "3.7"
        },
        "sources": [
            {
                "name": "pypi",
                "url": "https://pypi.org/simple",
                "verify_ssl": true
            }
        ]
    },
    "default": {
        "brotli": {
            "hashes": [
                "sha256:12effe280b8ebfd389022aa65114e30407540ccb89b177d3fbc9a4f177c4bd5d",
                "sha256:160c78292e98d21e73a4cc7f76a234390e516afcd982fa17e1422f7c6a9ce9c8",
                "sha256:16d528a45c2e1909c2798f27f7bf0a3feec1dc9e50948e738b961618e38b6a7b",
                "sha256:19598ecddd8a212aedb1ffa15763dd52a388518c4550e615aed88dc3753c0f0c",
                "sha256:1c48472a6ba3b113452355b9af0a60da5c2ae60477f8feda8346f8fd48e3e87c",
                "sha256:268fe94547ba25b58ebc724680609c8ee3e5a843202e9a381f6f9c5e8bdb5c70",
                "sha256:269a5743a393c65db46a7bb982644c67ecba4b8d91b392403ad8a861ba6f495f",
                "sha256:26d168aac4aaec9a4394221240e8a5436b5634adc3cd1cdf637f6645cecbf181",
                "sha256:29d1d350178e5225397e28ea1b7aca3648fcbab546d20e7475805437bfb0a130",
                "sha256:2aad0e0baa04517741c9bb5b07586c642302e5fb3e75319cb62087bd0995ab19",
                "sha256:3496fc835370da351d37cada4cf744039616a6db7d13c430035e901443a34daa",
                "sha256:35a3edbe18e876e596553c4007a087f8bcfd538f19bc116917b3c7522fca0429",
                "sha256:3b78a24b5fd13c03ee2b7b86290ed20efdc95da75a3557cc06811764d5ad1126",
                "sha256:40d15c79f42e0a2c72892bf407979febd9cf91f36f495ffb333d1d04cebb34e4",
                "sha256:44bb8ff420c1d19d91d79d8c3574b8954288bdff0273bf788954064d260d7ab0",
                "sha256:4688c1e42968ba52e57d8670ad2306fe92e0169c6f3af0089be75bbac0c64a3b",
                "sha256:495ba7e49c2db22b046a53b469bbecea802efce200dffb69b93dd47397edc9b6",
                "sha256:4d1b810aa0ed773f81dceda2cc7b403d01057458730e309856356d4ef4188438",
                "sha256:503fa6af7da9f4b5780bb7e4cbe0c639b010f12be85d02c99452825dd0feef3f",
                "sha256:56d027eace784738457437df7331965473f2c0da2c70e1a1f6fdbae5402e0389",
                "sha256:5913a1177fc36e30fcf6dc868ce23b0453952c78c04c266d3149b3d39e1410d6",
                "sha256:5b6ef7d9f9c38292df3690fe3e302b5b530999fa90014853dcd0d6902fb59f26",
                "sha256:5cb1e18167792d7d21e21365d7650b72d5081ed476123ff7b8cac7f45189c0c7",
                "sha256:61a7ee1f13ab913897dac7da44a73c6d44d48a4adff42a5701e3239791c96e14",
                "sha256:622a231b08899c864eb87e85f81c75e7b9ce05b001e59bbfbf43d4a71f5f32b2",
                "sha256:68715970f16b6e92c574c30747c95cf8cf62804569647386ff032195dc89a430",
                "sha256:6b2ae9f5f67f89aade1fab0f7fd8f2832501311c363a21579d02defa844d9296",
                "sha256:6c772d6c0a79ac0f414a9f8947cc407e119b8598de7621f39cacadae3cf57d12",
                "sha256:6d847b14f7ea89f6ad3c9e3901d1bc4835f6b390a9c71df999b0162d9bb1e20f",
                "sha256:76ffebb907bec09ff511bb3acc077695e2c32bc2142819491579a695f77ffd4d",
                "sha256:7bbff90b63328013e1e8cb50650ae0b9bac54ffb4be6104378490193cd60f85a",
                "sha256:7cb81373984cc0e4682f31bc3d6be9026006d96eecd07ea49aafb06897746452",
                "sha256:7ee83d3e3a024a9618e5be64648d6d11c37047ac48adff25f12fa4226cf23d1c",
                "sha256:854c33dad5ba0fbd6ab69185fec8dab89e13cda6b7d191ba111987df74f38761",
                "sha256:85f7912459c67eaab2fb854ed2bc1cc25772b300545fe7ed2dc03954da638649",
                "sha256:87fdccbb6bb589095f413b1e05734ba492c962b4a45a13ff3408fa44ffe6479b",
                "sha256:88c63a1b55f352b02c6ffd24b15ead9fc0e8bf781dbe070213039324922a2eea",
                "sha256:8a674ac10e0a87b683f4fa2b6fa41090edfd686a6524bd8dedbd6138b309175c",
                "sha256:93130612b837103e15ac3f9cbacb4613f9e348b58b3aad53721d92e57f96d46a",
                "sha256:9744a863b489c79a73aba014df554b0e7a0fc44ef3f8a0ef2a52919c7d155031",
                "sha256:9749a124280a0ada4187a6cfd1ffd35c350fb3af79c706589d98e088c5044267",
                "sha256:97f715cf371b16ac88b8c19da00029804e20e25f30d80203417255d239f228b5",
                "sha256:9bf919756d25e4114ace16a8ce91eb340eb57a08e2c6950c3cebcbe3dff2a5e7",
                "sha256:9d12cf2851759b8de8ca5fde36a59c08210a97ffca0eb94c532ce7b17c6a3d1d",
                "sha256:9ed4c92a0665002ff8ea852353aeb60d9141eb04109e88928026d3c8a9e5433c",
                "sha256:a72661af47119a80d82fa583b554095308d6a4c356b2a554fdc2799bc19f2a43",
                "sha256:afde17ae04d90fbe53afb628f7f2d4ca022797aa093e809de5c3cf276f61bbfa",
                "sha256:b336c5e9cf03c7be40c47b5fd694c43c9f1358a80ba384a21969e0b4e66a9b17",
                "sha256:b663f1e02de5d0573610756398e44c130add0eb9a3fc912a09665332942a2efb",
                "sha256:b83bb06a0192cccf1eb8d0a28672a1b79c74c3a8a5f2619625aeb6f28b3a82bb",
                "sha256:c2415d9d082152460f2bd4e382a1e85aed233abc92db5a3880da2257dc7daf7b",
                "sha256:c83aa123d56f2e060644427a882a36b3c12db93727ad7a7b9efd7d7f3e9cc2c4",
                "sha256:cfc391f4429ee0a9370aa93d812a52e1fee0f37a81861f4fdd1f4fb28e8547c3",
                "sha256:db844eb158a87ccab83e868a762ea8024ae27337fc7ddcbfcddd157f841fdfe7",
                "sha256:defed7ea5f218a9f2336301e6fd379f55c655bea65ba2476346340a0ce6f74a1",
                "sha256:e16eb9541f3dd1a3e92b89005e37b1257b157b7256df0e36bd7b33b50be73bcb",
                "sha256:e23281b9a08ec338469268f98f194658abfb13658ee98e2b7f85ee9dd06caa91",
                "sha256:e2d9e1cbc1b25e22000328702b014227737756f4b5bf5c485ac1d8091ada078b",
                "sha256:e48f4234f2469ed012a98f4b7874e7f7e173c167bed4934912a29e03167cf6b1",
                "sha256:e4c4e92c14a57c9bd4cb4be678c25369bf7a092d55fd0866f759e425b9660806",
                "sha256:ec1947eabbaf8e0531e8e899fc1d9876c179fc518989461f5d24e2223395a9e3",
                "sha256:f909bbbc433048b499cb9db9e713b5d8d949e8c109a2a548502fb9aa8630f0b1"
            ],
            "version": "==1.0.9"
        },
        "certifi": {
            "hashes": [
                "sha256:78884e7c1d4b00ce3cea67b44566851c4343c120abd683433ce934a68ea58872",
                "sha256:d62a0163eb4c2344ac042ab2bdf75399a71a2d8c7d47eac2e2ee91b9d6339569"
            ],
            "version": "==2021.10.8"
        },
        "chardet": {
            "hashes": [
                "sha256:84ab92ed1c4d4f16916e05906b6b75a6c0fb5db821cc65e70cbd64a3e2a5eaae",
                "sha256:fc323ffcaeaed0e0a02bf4d117757b98aed530d9ed4531e3e15460124c106691"
            ],
            "version": "==3.0.4"
        },
        "click": {
            "hashes": [
                "sha256:6a7a62563bbfabfda3a38f3023a1db4a35978c0abd76f6c9605ecd6554d6d9b1",
                "sha256:8458d7b1287c5fb128c90e23381cf99dcde74beaf6c7ff6384ce84d6fe090adb"
            ],
            "markers": "python_version >= '3.6'",
            "version": "==8.0.4"
        },
        "cycler": {
            "hashes": [
                "sha256:3a27e95f763a428a739d2add979fa7494c912a32c17c4c38c4d5f082cad165a3",
                "sha256:9c87405839a19696e837b3b818fed3f5f69f16f1eec1a1ad77e043dcea9c772f"
            ],
            "markers": "python_version >= '3.6'",
            "version": "==0.11.0"
        },
        "dash": {
            "hashes": [
                "sha256:7a55e2f5381bf3323873a9b5e7dbb8112a5c8c5e7fe7e554bda2ed9d3f3e04fc"
            ],
            "index": "pypi",
            "version": "==1.14.0"
        },
        "dash-bootstrap-components": {
            "hashes": [
                "sha256:40500e692f59648dbc024b9e921a1e1410ee0bc97cfa963990e54e42523679b4"
            ],
            "index": "pypi",
            "version": "==0.10.5"
        },
        "dash-core-components": {
            "hashes": [
                "sha256:6152346ff2ac8a7fcdb76c8b8acbf3ee4e72f3822cd2a02a9f3a963db66f94a3"
            ],
            "version": "==1.10.2"
        },
        "dash-daq": {
            "hashes": [
                "sha256:a1d85b6799f7b885652fbc44aebdb58c41254616a8d350b943beeb42ade4256a"
            ],
            "index": "pypi",
            "version": "==0.5.0"
        },
        "dash-html-components": {
            "hashes": [
                "sha256:dafb54ae8ab601fffe50c74d72b32783dec2beea65fd1c7e7dd6a66e20e545ba"
            ],
            "version": "==1.0.3"
        },
        "dash-renderer": {
            "hashes": [
                "sha256:8e9c0c0c2efb8ea562489c37665417cd608c30bca20425ac4d847420b5bbc128"
            ],
            "version": "==1.6.0"
        },
        "dash-table": {
            "hashes": [
                "sha256:2f19000051730291100cd3a79b13fa62c478aea7908f2e4323c13b90f09e3320"
            ],
            "version": "==4.9.0"
        },
        "flask": {
            "hashes": [
                "sha256:4efa1ae2d7c9865af48986de8aeb8504bf32c7f3d6fdc9353d34b21f4b127060",
                "sha256:8a4fdd8936eba2512e9c85df320a37e694c93945b33ef33c89946a340a238557"
            ],
            "index": "pypi",
            "version": "==1.1.2"
        },
        "flask-compress": {
            "hashes": [
                "sha256:7ccc4102104a63e6207f39eb307f99aebbfbaf4e70992d727440cff29119a0a0",
                "sha256:f569f32c446d6b25ca8e347d5003a0531811ef732678005b0036fc1c9eb1c21c"
            ],
            "version": "==1.11"
        },
        "future": {
            "hashes": [
                "sha256:b1bead90b70cf6ec3f0710ae53a525360fa360d306a86583adc6bf83a4db537d"
            ],
            "markers": "python_version >= '2.6' and python_version not in '3.0, 3.1, 3.2, 3.3'",
            "version": "==0.18.2"
        },
        "gunicorn": {
            "hashes": [
                "sha256:1904bb2b8a43658807108d59c3f3d56c2b6121a701161de0ddf9ad140073c626",
                "sha256:cd4a810dd51bf497552cf3f863b575dabd73d6ad6a91075b65936b151cbf4f9c"
            ],
            "index": "pypi",
            "version": "==20.0.4"
        },
        "idna": {
            "hashes": [
                "sha256:b307872f855b18632ce0c21c5e45be78c0ea7ae4c15c828c20788b26921eb3f6",
                "sha256:b97d804b1e9b523befed77c48dacec60e6dcb0b5391d57af6a65a312a90648c0"
            ],
            "markers": "python_version >= '2.7' and python_version not in '3.0, 3.1, 3.2, 3.3'",
            "version": "==2.10"
        },
        "importlib-metadata": {
            "hashes": [
                "sha256:b36ffa925fe3139b2f6ff11d6925ffd4fa7bc47870165e3ac260ac7b4f91e6ac",
                "sha256:d16e8c1deb60de41b8e8ed21c1a7b947b0bc62fab7e1d470bcdf331cea2e6735"
            ],
            "markers": "python_version < '3.8'",
            "version": "==4.11.2"
        },
        "itsdangerous": {
            "hashes": [
                "sha256:7b7d3023cd35d9cb0c1fd91392f8c95c6fa02c59bf8ad64b8849be3401b95afb",
                "sha256:935642cd4b987cdbee7210080004033af76306757ff8b4c0a506a4b6e06f02cf"
            ],
            "markers": "python_version >= '3.7'",
            "version": "==2.1.1"
        },
        "jinja2": {
            "hashes": [
                "sha256:077ce6014f7b40d03b47d1f1ca4b0fc8328a692bd284016f806ed0eaca390ad8",
                "sha256:611bb273cd68f3b993fabdc4064fc858c5b47a973cb5aa7999ec1ba405c87cd7"
            ],
            "markers": "python_version >= '3.6'",
            "version": "==3.0.3"
        },
        "kiwisolver": {
            "hashes": [
                "sha256:0007840186bacfaa0aba4466d5890334ea5938e0bb7e28078a0eb0e63b5b59d5",
                "sha256:19554bd8d54cf41139f376753af1a644b63c9ca93f8f72009d50a2080f870f77",
                "sha256:1d45d1c74f88b9f41062716c727f78f2a59a5476ecbe74956fafb423c5c87a76",
                "sha256:1d819553730d3c2724582124aee8a03c846ec4362ded1034c16fb3ef309264e6",
                "sha256:2210f28778c7d2ee13f3c2a20a3a22db889e75f4ec13a21072eabb5693801e84",
                "sha256:22521219ca739654a296eea6d4367703558fba16f98688bd8ce65abff36eaa84",
                "sha256:25405f88a37c5f5bcba01c6e350086d65e7465fd1caaf986333d2a045045a223",
                "sha256:2b65bd35f3e06a47b5c30ea99e0c2b88f72c6476eedaf8cfbc8e66adb5479dcf",
                "sha256:2ddb500a2808c100e72c075cbb00bf32e62763c82b6a882d403f01a119e3f402",
                "sha256:2f8f6c8f4f1cff93ca5058d6ec5f0efda922ecb3f4c5fb76181f327decff98b8",
                "sha256:30fa008c172355c7768159983a7270cb23838c4d7db73d6c0f6b60dde0d432c6",
                "sha256:3dbb3cea20b4af4f49f84cffaf45dd5f88e8594d18568e0225e6ad9dec0e7967",
                "sha256:4116ba9a58109ed5e4cb315bdcbff9838f3159d099ba5259c7c7fb77f8537492",
                "sha256:44e6adf67577dbdfa2d9f06db9fbc5639afefdb5bf2b4dfec25c3a7fbc619536",
                "sha256:5326ddfacbe51abf9469fe668944bc2e399181a2158cb5d45e1d40856b2a0589",
                "sha256:70adc3658138bc77a36ce769f5f183169bc0a2906a4f61f09673f7181255ac9b",
                "sha256:72be6ebb4e92520b9726d7146bc9c9b277513a57a38efcf66db0620aec0097e0",
                "sha256:7843b1624d6ccca403a610d1277f7c28ad184c5aa88a1750c1a999754e65b439",
                "sha256:7ba5a1041480c6e0a8b11a9544d53562abc2d19220bfa14133e0cdd9967e97af",
                "sha256:80efd202108c3a4150e042b269f7c78643420cc232a0a771743bb96b742f838f",
                "sha256:82f49c5a79d3839bc8f38cb5f4bfc87e15f04cbafa5fbd12fb32c941cb529cfb",
                "sha256:83d2c9db5dfc537d0171e32de160461230eb14663299b7e6d18ca6dca21e4977",
                "sha256:8d93a1095f83e908fc253f2fb569c2711414c0bfd451cab580466465b235b470",
                "sha256:8dc3d842fa41a33fe83d9f5c66c0cc1f28756530cd89944b63b072281e852031",
                "sha256:9661a04ca3c950a8ac8c47f53cbc0b530bce1b52f516a1e87b7736fec24bfff0",
                "sha256:a498bcd005e8a3fedd0022bb30ee0ad92728154a8798b703f394484452550507",
                "sha256:a7a4cf5bbdc861987a7745aed7a536c6405256853c94abc9f3287c3fa401b174",
                "sha256:b5074fb09429f2b7bc82b6fb4be8645dcbac14e592128beeff5461dcde0af09f",
                "sha256:b6a5431940f28b6de123de42f0eb47b84a073ee3c3345dc109ad550a3307dd28",
                "sha256:ba677bcaff9429fd1bf01648ad0901cea56c0d068df383d5f5856d88221fe75b",
                "sha256:bcadb05c3d4794eb9eee1dddf1c24215c92fb7b55a80beae7a60530a91060560",
                "sha256:bf7eb45d14fc036514c09554bf983f2a72323254912ed0c3c8e697b62c4c158f",
                "sha256:c358721aebd40c243894298f685a19eb0491a5c3e0b923b9f887ef1193ddf829",
                "sha256:c4550a359c5157aaf8507e6820d98682872b9100ce7607f8aa070b4b8af6c298",
                "sha256:c6572c2dab23c86a14e82c245473d45b4c515314f1f859e92608dcafbd2f19b8",
                "sha256:cba430db673c29376135e695c6e2501c44c256a81495da849e85d1793ee975ad",
                "sha256:dedc71c8eb9c5096037766390172c34fb86ef048b8e8958b4e484b9e505d66bc",
                "sha256:e6f5eb2f53fac7d408a45fbcdeda7224b1cfff64919d0f95473420a931347ae9",
                "sha256:ec2eba188c1906b05b9b49ae55aae4efd8150c61ba450e6721f64620c50b59eb",
                "sha256:ee040a7de8d295dbd261ef2d6d3192f13e2b08ec4a954de34a6fb8ff6422e24c",
                "sha256:eedd3b59190885d1ebdf6c5e0ca56828beb1949b4dfe6e5d0256a461429ac386",
                "sha256:f441422bb313ab25de7b3dbfd388e790eceb76ce01a18199ec4944b369017009",
                "sha256:f8eb7b6716f5b50e9c06207a14172cf2de201e41912ebe732846c02c830455b9",
                "sha256:fc4453705b81d03568d5b808ad8f09c77c47534f6ac2e72e733f9ca4714aa75c"
            ],
            "markers": "python_version >= '3.7'",
            "version": "==1.3.2"
        },
        "markupsafe": {
            "hashes": [
                "sha256:023af8c54fe63530545f70dd2a2a7eed18d07a9a77b94e8bf1e2ff7f252db9a3",
                "sha256:09c86c9643cceb1d87ca08cdc30160d1b7ab49a8a21564868921959bd16441b8",
                "sha256:142119fb14a1ef6d758912b25c4e803c3ff66920635c44078666fe7cc3f8f759",
                "sha256:1d1fb9b2eec3c9714dd936860850300b51dbaa37404209c8d4cb66547884b7ed",
                "sha256:204730fd5fe2fe3b1e9ccadb2bd18ba8712b111dcabce185af0b3b5285a7c989",
                "sha256:24c3be29abb6b34052fd26fc7a8e0a49b1ee9d282e3665e8ad09a0a68faee5b3",
                "sha256:290b02bab3c9e216da57c1d11d2ba73a9f73a614bbdcc027d299a60cdfabb11a",
                "sha256:3028252424c72b2602a323f70fbf50aa80a5d3aa616ea6add4ba21ae9cc9da4c",
                "sha256:30c653fde75a6e5eb814d2a0a89378f83d1d3f502ab710904ee585c38888816c",
                "sha256:3cace1837bc84e63b3fd2dfce37f08f8c18aeb81ef5cf6bb9b51f625cb4e6cd8",
                "sha256:4056f752015dfa9828dce3140dbadd543b555afb3252507348c493def166d454",
                "sha256:454ffc1cbb75227d15667c09f164a0099159da0c1f3d2636aa648f12675491ad",
                "sha256:598b65d74615c021423bd45c2bc5e9b59539c875a9bdb7e5f2a6b92dfcfc268d",
                "sha256:599941da468f2cf22bf90a84f6e2a65524e87be2fce844f96f2dd9a6c9d1e635",
                "sha256:5ddea4c352a488b5e1069069f2f501006b1a4362cb906bee9a193ef1245a7a61",
                "sha256:62c0285e91414f5c8f621a17b69fc0088394ccdaa961ef469e833dbff64bd5ea",
                "sha256:679cbb78914ab212c49c67ba2c7396dc599a8479de51b9a87b174700abd9ea49",
                "sha256:6e104c0c2b4cd765b4e83909cde7ec61a1e313f8a75775897db321450e928cce",
                "sha256:736895a020e31b428b3382a7887bfea96102c529530299f426bf2e636aacec9e",
                "sha256:75bb36f134883fdbe13d8e63b8675f5f12b80bb6627f7714c7d6c5becf22719f",
                "sha256:7d2f5d97fcbd004c03df8d8fe2b973fe2b14e7bfeb2cfa012eaa8759ce9a762f",
                "sha256:80beaf63ddfbc64a0452b841d8036ca0611e049650e20afcb882f5d3c266d65f",
                "sha256:84ad5e29bf8bab3ad70fd707d3c05524862bddc54dc040982b0dbcff36481de7",
                "sha256:8da5924cb1f9064589767b0f3fc39d03e3d0fb5aa29e0cb21d43106519bd624a",
                "sha256:961eb86e5be7d0973789f30ebcf6caab60b844203f4396ece27310295a6082c7",
                "sha256:96de1932237abe0a13ba68b63e94113678c379dca45afa040a17b6e1ad7ed076",
                "sha256:a0a0abef2ca47b33fb615b491ce31b055ef2430de52c5b3fb19a4042dbc5cadb",
                "sha256:b2a5a856019d2833c56a3dcac1b80fe795c95f401818ea963594b345929dffa7",
                "sha256:b8811d48078d1cf2a6863dafb896e68406c5f513048451cd2ded0473133473c7",
                "sha256:c532d5ab79be0199fa2658e24a02fce8542df196e60665dd322409a03db6a52c",
                "sha256:d3b64c65328cb4cd252c94f83e66e3d7acf8891e60ebf588d7b493a55a1dbf26",
                "sha256:d4e702eea4a2903441f2735799d217f4ac1b55f7d8ad96ab7d4e25417cb0827c",
                "sha256:d5653619b3eb5cbd35bfba3c12d575db2a74d15e0e1c08bf1db788069d410ce8",
                "sha256:d66624f04de4af8bbf1c7f21cc06649c1c69a7f84109179add573ce35e46d448",
                "sha256:e67ec74fada3841b8c5f4c4f197bea916025cb9aa3fe5abf7d52b655d042f956",
                "sha256:e6f7f3f41faffaea6596da86ecc2389672fa949bd035251eab26dc6697451d05",
                "sha256:f02cf7221d5cd915d7fa58ab64f7ee6dd0f6cddbb48683debf5d04ae9b1c2cc1",
                "sha256:f0eddfcabd6936558ec020130f932d479930581171368fd728efcfb6ef0dd357",
                "sha256:fabbe18087c3d33c5824cb145ffca52eccd053061df1d79d4b66dafa5ad2a5ea",
                "sha256:fc3150f85e2dbcf99e65238c842d1cfe69d3e7649b19864c1cc043213d9cd730"
            ],
            "markers": "python_version >= '3.7'",
            "version": "==2.1.0"
        },
        "matplotlib": {
            "hashes": [
                "sha256:0dc15e1ad84ec06bf0c315e6c4c2cced13a21ce4c2b4955bb75097064a4b1e92",
                "sha256:1507c2a8e4662f6fa1d3ecc760782b158df8a3244ecc21c1d8dbb1cd0b3f872e",
                "sha256:1f9cf2b8500b833714a193cb24281153f5072d55b2e486009f1e81f0b7da3410",
                "sha256:233bef5e3b3494f3b7057595ca814f23ba0ce67a03632ddf677be5132128b3db",
                "sha256:2375f039b8c6ad6c1d03f01bf31f086bbbf997bf25e246f3b67f69969cde3d98",
                "sha256:24392ac1a382ed753505286f1a1483bcfd67ed0c72d51be10c4c2013e386d0b7",
                "sha256:282f8a077a1217f9f2ac178596f27c1ae94abbc6e7b785e1b8f25e83918e9199",
                "sha256:2c3619ec2a5ead430a4536ebf8c77ea55d8ce36418919f831d35bc657ed5f27e",
                "sha256:5a42c84264a1acbbf01c073a7bd05a0e80d99f94f10020d613b1b0526af9dcc2",
                "sha256:636c6330a7dcb18bac114dbeaff314fbbb0c11682f9a9601de69a50e331d18d7",
                "sha256:6739b6cd9278d5cb337df0bd4400ad37bbd04c6dc7aa2c65e1e83a02bc4cc6fd",
                "sha256:6d0f03079f655ca0a2d2e0bf49c28e1ec43d9d544c33d8da1a88765f23018ecc",
                "sha256:73a493e340064e8fe03207d9333b68baca30d9f0da543ae4af6b6b4f13f0fe05",
                "sha256:79f0c4730ad422ecb6bda814c9a9b375df36d6bd5a49eaa14e92e5f5e3e95ac3",
                "sha256:83ae7261f4d5ab387be2caee29c4f499b1566f31c8ac97a0b8ab61afd9e3da92",
                "sha256:87f53bcce90772f942c2db56736788b39332d552461a5cb13f05ff45c1680f0e",
                "sha256:88c6ab4a32a7447dad236b8371612aaba5c967d632ff11999e0478dd687f2c58",
                "sha256:96a5e667308dbf45670370d9dffb974e73b15bac0df0b5f3fb0b0ac7a572290e",
                "sha256:9703bc00a94a94c4e94b2ea0fbfbc9d2bb21159733134639fd931b6606c5c47e",
                "sha256:bc978374b43737f2bbc4a6ec48e52ae8c92be6278a80d0e2ce92f0eb0841f15c",
                "sha256:bd8fceaa3494b531d43b6206966ba15705638137fc2dc5da5ee560cf9476867b",
                "sha256:c4ffb25b9855bdb6cdaf21bbd4ab2c229be539248304ac5215b94c816ea6e32e",
                "sha256:cc2d6b47c8fee89da982a312b54949ec0cd6a7976a8cafb5b62dea6c9883a14d",
                "sha256:e4d6d3afc454b4afc0d9d0ed52a8fa40a1b0d8f33c8e143e49a5833a7e32266b",
                "sha256:f62c0b9a5d38c26673a8862cbae4d26cffcda260848e4278246b4e00f5a95eaf",
                "sha256:fab11637734eb14affb9c5e20d44d69429c18b49595d6e67c69295de24827fc4",
                "sha256:ffbae66e2db70dc330cb3299525f97e1c0efdfc763e04e1a4e08f968c7ad21f0"
            ],
            "index": "pypi",
            "version": "==3.3.1"
        },
        "mypy": {
            "hashes": [
                "sha256:0b52778a018559a256c819ee31b2e21e10b31ddca8705624317253d6d08dbc35",
                "sha256:0fdc9191a49c77ab5fa0439915d405e80a1118b163ab03cd2a530f346b12566a",
                "sha256:13677cb8b050f03b5bb2e8bf7b2668cd918b001d56c2435082bbfc9d5f730f42",
                "sha256:1903c92ff8642d521b4627e51a67e49f5be5aedb1fb03465b3aae4c3338ec491",
                "sha256:1f66f2309cdbb07e95e60e83fb4a8272095bd4ea6ee58bf9a70d5fb304ec3e3f",
                "sha256:2dba92f58610d116f68ec1221fb2de2a346d081d17b24a784624389b17a4b3f9",
                "sha256:2efd76893fb8327eca7e942e21b373e6f3c5c083ff860fb1e82ddd0462d662bd",
                "sha256:3ac14949677ae9cb1adc498c423b194ad4d25b13322f6fe889fb72b664c79121",
                "sha256:471af97c35a32061883b0f8a3305ac17947fd42ce962ca9e2b0639eb9141492f",
                "sha256:51be997c1922e2b7be514a5215d1e1799a40832c0a0dee325ba8794f2c48818f",
                "sha256:628f5513268ebbc563750af672ccba5eef7f92d2d90154233edd498dfb98ca4e",
                "sha256:68038d514ae59d5b2f326be502a359160158d886bd153fc2489dbf7a03c44c96",
                "sha256:6eab2bcc2b9489b7df87d7c20743b66d13254ad4d6430e1dfe1a655d51f0933d",
                "sha256:712affcc456de637e774448c73e21c84dfa5a70bcda34e9b0be4fb898a9e8e07",
                "sha256:71bec3d2782d0b1fecef7b1c436253544d81c1c0e9ca58190aed9befd8f081c5",
                "sha256:83f66190e3c32603217105913fbfe0a3ef154ab6bbc7ef2c989f5b2957b55840",
                "sha256:8aaf18d0f8bc3ffba56d32a85971dfbd371a5be5036da41ac16aefec440eff17",
                "sha256:a0e5657ccaedeb5fdfda59918cc98fc6d8a8e83041bc0cec347a2ab6915f9998",
                "sha256:a168da06eccf51875fdff5f305a47f021f23f300e2b89768abdac24538b1f8ec",
                "sha256:b1a116c451b41e35afc09618f454b5c2704ba7a4e36f9ff65014fef26bb6075b",
                "sha256:b2fa5f2d597478ccfe1f274f8da2f50ea1e63da5a7ae2342c5b3b2f3e57ec340",
                "sha256:d9d7647505bf427bc7931e8baf6cacf9be97e78a397724511f20ddec2a850752",
                "sha256:f8fe1bfab792e4300f80013edaf9949b34e4c056a7b2531b5ef3a0fb9d598ae2"
            ],
            "markers": "python_version >= '3.6'",
            "version": "==0.940"
        },
        "mypy-extensions": {
            "hashes": [
                "sha256:090fedd75945a69ae91ce1303b5824f428daf5a028d2f6ab8a299250a846f15d",
                "sha256:2d82818f5bb3e369420cb3c4060a7970edba416647068eb4c5343488a6c604a8"
            ],
            "version": "==0.4.3"
        },
        "numpy": {
            "hashes": [
                "sha256:082f8d4dd69b6b688f64f509b91d482362124986d98dc7dc5f5e9f9b9c3bb983",
                "sha256:1bc0145999e8cb8aed9d4e65dd8b139adf1919e521177f198529687dbf613065",
                "sha256:309cbcfaa103fc9a33ec16d2d62569d541b79f828c382556ff072442226d1968",
                "sha256:3673c8b2b29077f1b7b3a848794f8e11f401ba0b71c49fbd26fb40b71788b132",
                "sha256:480fdd4dbda4dd6b638d3863da3be82873bba6d32d1fc12ea1b8486ac7b8d129",
                "sha256:56ef7f56470c24bb67fb43dae442e946a6ce172f97c69f8d067ff8550cf782ff",
                "sha256:5a936fd51049541d86ccdeef2833cc89a18e4d3808fe58a8abeb802665c5af93",
                "sha256:5b6885c12784a27e957294b60f97e8b5b4174c7504665333c5e94fbf41ae5d6a",
                "sha256:667c07063940e934287993366ad5f56766bc009017b4a0fe91dbd07960d0aba7",
                "sha256:7ed448ff4eaffeb01094959b19cbaf998ecdee9ef9932381420d514e446601cd",
                "sha256:8343bf67c72e09cfabfab55ad4a43ce3f6bf6e6ced7acf70f45ded9ebb425055",
                "sha256:92feb989b47f83ebef246adabc7ff3b9a59ac30601c3f6819f8913458610bdcc",
                "sha256:935c27ae2760c21cd7354402546f6be21d3d0c806fffe967f745d5f2de5005a7",
                "sha256:aaf42a04b472d12515debc621c31cf16c215e332242e7a9f56403d814c744624",
                "sha256:b12e639378c741add21fbffd16ba5ad25c0a1a17cf2b6fe4288feeb65144f35b",
                "sha256:b1cca51512299841bf69add3b75361779962f9cee7d9ee3bb446d5982e925b69",
                "sha256:b8456987b637232602ceb4d663cb34106f7eb780e247d51a260b84760fd8f491",
                "sha256:b9792b0ac0130b277536ab8944e7b754c69560dac0415dd4b2dbd16b902c8954",
                "sha256:c9591886fc9cbe5532d5df85cb8e0cc3b44ba8ce4367bd4cf1b93dc19713da72",
                "sha256:cf1347450c0b7644ea142712619533553f02ef23f92f781312f6a3553d031fc7",
                "sha256:de8b4a9b56255797cbddb93281ed92acbc510fb7b15df3f01bd28f46ebc4edae",
                "sha256:e1b1dc0372f530f26a03578ac75d5e51b3868b9b76cd2facba4c9ee0eb252ab1",
                "sha256:e45f8e981a0ab47103181773cc0a54e650b2aef8c7b6cd07405d0fa8d869444a",
                "sha256:e4f6d3c53911a9d103d8ec9518190e52a8b945bab021745af4939cfc7c0d4a9e",
                "sha256:ed8a311493cf5480a2ebc597d1e177231984c818a86875126cfd004241a73c3e",
                "sha256:ef71a1d4fd4858596ae80ad1ec76404ad29701f8ca7cdcebc50300178db14dfc"
            ],
            "index": "pypi",
            "version": "==1.19.1"
        },
        "pillow": {
            "hashes": [
                "sha256:011233e0c42a4a7836498e98c1acf5e744c96a67dd5032a6f666cc1fb97eab97",
                "sha256:0f29d831e2151e0b7b39981756d201f7108d3d215896212ffe2e992d06bfe049",
                "sha256:12875d118f21cf35604176872447cdb57b07126750a33748bac15e77f90f1f9c",
                "sha256:14d4b1341ac07ae07eb2cc682f459bec932a380c3b122f5540432d8977e64eae",
                "sha256:1c3c33ac69cf059bbb9d1a71eeaba76781b450bc307e2291f8a4764d779a6b28",
                "sha256:1d19397351f73a88904ad1aee421e800fe4bbcd1aeee6435fb62d0a05ccd1030",
                "sha256:253e8a302a96df6927310a9d44e6103055e8fb96a6822f8b7f514bb7ef77de56",
                "sha256:2632d0f846b7c7600edf53c48f8f9f1e13e62f66a6dbc15191029d950bfed976",
                "sha256:335ace1a22325395c4ea88e00ba3dc89ca029bd66bd5a3c382d53e44f0ccd77e",
                "sha256:413ce0bbf9fc6278b2d63309dfeefe452835e1c78398efb431bab0672fe9274e",
                "sha256:5100b45a4638e3c00e4d2320d3193bdabb2d75e79793af7c3eb139e4f569f16f",
                "sha256:514ceac913076feefbeaf89771fd6febde78b0c4c1b23aaeab082c41c694e81b",
                "sha256:528a2a692c65dd5cafc130de286030af251d2ee0483a5bf50c9348aefe834e8a",
                "sha256:6295f6763749b89c994fcb6d8a7f7ce03c3992e695f89f00b741b4580b199b7e",
                "sha256:6c8bc8238a7dfdaf7a75f5ec5a663f4173f8c367e5a39f87e720495e1eed75fa",
                "sha256:718856856ba31f14f13ba885ff13874be7fefc53984d2832458f12c38205f7f7",
                "sha256:7f7609a718b177bf171ac93cea9fd2ddc0e03e84d8fa4e887bdfc39671d46b00",
                "sha256:80ca33961ced9c63358056bd08403ff866512038883e74f3a4bf88ad3eb66838",
                "sha256:80fe64a6deb6fcfdf7b8386f2cf216d329be6f2781f7d90304351811fb591360",
                "sha256:81c4b81611e3a3cb30e59b0cf05b888c675f97e3adb2c8672c3154047980726b",
                "sha256:855c583f268edde09474b081e3ddcd5cf3b20c12f26e0d434e1386cc5d318e7a",
                "sha256:9bfdb82cdfeccec50aad441afc332faf8606dfa5e8efd18a6692b5d6e79f00fd",
                "sha256:a5d24e1d674dd9d72c66ad3ea9131322819ff86250b30dc5821cbafcfa0b96b4",
                "sha256:a9f44cd7e162ac6191491d7249cceb02b8116b0f7e847ee33f739d7cb1ea1f70",
                "sha256:b5b3f092fe345c03bca1e0b687dfbb39364b21ebb8ba90e3fa707374b7915204",
                "sha256:b9618823bd237c0d2575283f2939655f54d51b4527ec3972907a927acbcc5bfc",
                "sha256:cef9c85ccbe9bee00909758936ea841ef12035296c748aaceee535969e27d31b",
                "sha256:d21237d0cd37acded35154e29aec853e945950321dd2ffd1a7d86fe686814669",
                "sha256:d3c5c79ab7dfce6d88f1ba639b77e77a17ea33a01b07b99840d6ed08031cb2a7",
                "sha256:d9d7942b624b04b895cb95af03a23407f17646815495ce4547f0e60e0b06f58e",
                "sha256:db6d9fac65bd08cea7f3540b899977c6dee9edad959fa4eaf305940d9cbd861c",
                "sha256:ede5af4a2702444a832a800b8eb7f0a7a1c0eed55b644642e049c98d589e5092",
                "sha256:effb7749713d5317478bb3acb3f81d9d7c7f86726d41c1facca068a04cf5bb4c",
                "sha256:f154d173286a5d1863637a7dcd8c3437bb557520b01bddb0be0258dcb72696b5",
                "sha256:f25ed6e28ddf50de7e7ea99d7a976d6a9c415f03adcaac9c41ff6ff41b6d86ac"
            ],
            "index": "pypi",
            "version": "==9.0.1"
        },
        "plotly": {
            "hashes": [
                "sha256:257f530ffd73754bd008454826905657b329053364597479bb9774437a396837",
                "sha256:7c7b613af8def74f48b1298f08a49086bb9792104119feb4a137f737533021e1"
            ],
            "index": "pypi",
            "version": "==4.9.0"
        },
        "pyparsing": {
            "hashes": [
                "sha256:18ee9022775d270c55187733956460083db60b37d0d0fb357445f3094eed3eea",
                "sha256:a6c06a88f252e6c322f65faf8f418b16213b51bdfaece0524c1c1bc30c63c484"
            ],
            "markers": "python_version >= '3.6'",
            "version": "==3.0.7"
        },
        "python-dateutil": {
            "hashes": [
                "sha256:0123cacc1627ae19ddf3c27a5de5bd67ee4586fbdd6440d9748f8abb483d3e86",
                "sha256:961d03dc3453ebbc59dbdea9e4e11c5651520a876d0f4db161e8674aae935da9"
            ],
            "markers": "python_version >= '2.7' and python_version not in '3.0, 3.1, 3.2, 3.3'",
            "version": "==2.8.2"
        },
        "requests": {
            "hashes": [
                "sha256:b3559a131db72c33ee969480840fff4bb6dd111de7dd27c8ee1f820f4f00231b",
                "sha256:fe75cc94a9443b9246fc7049224f75604b113c36acb93f87b80ed42c44cbb898"
            ],
            "index": "pypi",
            "version": "==2.24.0"
        },
        "retrying": {
            "hashes": [
                "sha256:08c039560a6da2fe4f2c426d0766e284d3b736e355f8dd24b37367b0bb41973b"
            ],
            "version": "==1.3.3"
        },
        "scipy": {
            "hashes": [
                "sha256:066c513d90eb3fd7567a9e150828d39111ebd88d3e924cdfc9f8ce19ab6f90c9",
                "sha256:07e52b316b40a4f001667d1ad4eb5f2318738de34597bd91537851365b6c61f1",
                "sha256:0a0e9a4e58a4734c2eba917f834b25b7e3b6dc333901ce7784fd31aefbd37b2f",
                "sha256:1c7564a4810c1cd77fcdee7fa726d7d39d4e2695ad252d7c86c3ea9d85b7fb8f",
                "sha256:315aa2165aca31375f4e26c230188db192ed901761390be908c9b21d8b07df62",
                "sha256:6e86c873fe1335d88b7a4bfa09d021f27a9e753758fd75f3f92d714aa4093768",
                "sha256:8e28e74b97fc8d6aa0454989db3b5d36fc27e69cef39a7ee5eaf8174ca1123cb",
                "sha256:92eb04041d371fea828858e4fff182453c25ae3eaa8782d9b6c32b25857d23bc",
                "sha256:a0afbb967fd2c98efad5f4c24439a640d39463282040a88e8e928db647d8ac3d",
                "sha256:a785409c0fa51764766840185a34f96a0a93527a0ff0230484d33a8ed085c8f8",
                "sha256:cca9fce15109a36a0a9f9cfc64f870f1c140cb235ddf27fe0328e6afb44dfed0",
                "sha256:d56b10d8ed72ec1be76bf10508446df60954f08a41c2d40778bc29a3a9ad9bce",
                "sha256:dac09281a0eacd59974e24525a3bc90fa39b4e95177e638a31b14db60d3fa806",
                "sha256:ec5fe57e46828d034775b00cd625c4a7b5c7d2e354c3b258d820c6c72212a6ec",
                "sha256:eecf40fa87eeda53e8e11d265ff2254729d04000cd40bae648e76ff268885d66",
                "sha256:fc98f3eac993b9bfdd392e675dfe19850cc8c7246a8fd2b42443e506344be7d9"
            ],
            "index": "pypi",
            "version": "==1.5.2"
        },
        "setuptools": {
            "hashes": [
                "sha256:2347b2b432c891a863acadca2da9ac101eae6169b1d3dfee2ec605ecd50dbfe5",
                "sha256:e4f30b9f84e5ab3decf945113119649fec09c1fc3507c6ebffec75646c56e62b"
            ],
            "markers": "python_version >= '3.7'",
            "version": "==60.9.3"
        },
        "six": {
            "hashes": [
                "sha256:1e61c37477a1626458e36f7b1d82aa5c9b094fa4802892072e49de9c60c4c926",
                "sha256:8abb2f1d86890a2dfb989f9a77cfcfd3e47c2a354b01111771326f8aa26e0254"
            ],
            "markers": "python_version >= '2.7' and python_version not in '3.0, 3.1, 3.2, 3.3'",
            "version": "==1.16.0"
        },
        "tomli": {
            "hashes": [
                "sha256:939de3e7a6161af0c887ef91b7d41a53e7c5a1ca976325f429cb46ea9bc30ecc",
                "sha256:de526c12914f0c550d15924c62d72abc48d6fe7364aa87328337a31007fe8a4f"
            ],
            "markers": "python_version >= '3.7'",
            "version": "==2.0.1"
        },
        "typed-ast": {
            "hashes": [
                "sha256:0eb77764ea470f14fcbb89d51bc6bbf5e7623446ac4ed06cbd9ca9495b62e36e",
                "sha256:1098df9a0592dd4c8c0ccfc2e98931278a6c6c53cb3a3e2cf7e9ee3b06153344",
                "sha256:183b183b7771a508395d2cbffd6db67d6ad52958a5fdc99f450d954003900266",
                "sha256:18fe320f354d6f9ad3147859b6e16649a0781425268c4dde596093177660e71a",
                "sha256:26a432dc219c6b6f38be20a958cbe1abffcc5492821d7e27f08606ef99e0dffd",
                "sha256:294a6903a4d087db805a7656989f613371915fc45c8cc0ddc5c5a0a8ad9bea4d",
                "sha256:31d8c6b2df19a777bc8826770b872a45a1f30cfefcfd729491baa5237faae837",
                "sha256:33b4a19ddc9fc551ebabca9765d54d04600c4a50eda13893dadf67ed81d9a098",
                "sha256:42c47c3b43fe3a39ddf8de1d40dbbfca60ac8530a36c9b198ea5b9efac75c09e",
                "sha256:525a2d4088e70a9f75b08b3f87a51acc9cde640e19cc523c7e41aa355564ae27",
                "sha256:58ae097a325e9bb7a684572d20eb3e1809802c5c9ec7108e85da1eb6c1a3331b",
                "sha256:676d051b1da67a852c0447621fdd11c4e104827417bf216092ec3e286f7da596",
                "sha256:74cac86cc586db8dfda0ce65d8bcd2bf17b58668dfcc3652762f3ef0e6677e76",
                "sha256:8c08d6625bb258179b6e512f55ad20f9dfef019bbfbe3095247401e053a3ea30",
                "sha256:90904d889ab8e81a956f2c0935a523cc4e077c7847a836abee832f868d5c26a4",
                "sha256:963a0ccc9a4188524e6e6d39b12c9ca24cc2d45a71cfdd04a26d883c922b4b78",
                "sha256:bbebc31bf11762b63bf61aaae232becb41c5bf6b3461b80a4df7e791fabb3aca",
                "sha256:bc2542e83ac8399752bc16e0b35e038bdb659ba237f4222616b4e83fb9654985",
                "sha256:c29dd9a3a9d259c9fa19d19738d021632d673f6ed9b35a739f48e5f807f264fb",
                "sha256:c7407cfcad702f0b6c0e0f3e7ab876cd1d2c13b14ce770e412c0c4b9728a0f88",
                "sha256:da0a98d458010bf4fe535f2d1e367a2e2060e105978873c04c04212fb20543f7",
                "sha256:df05aa5b241e2e8045f5f4367a9f6187b09c4cdf8578bb219861c4e27c443db5",
                "sha256:f290617f74a610849bd8f5514e34ae3d09eafd521dceaa6cf68b3f4414266d4e",
                "sha256:f30ddd110634c2d7534b2d4e0e22967e88366b0d356b24de87419cc4410c41b7"
            ],
            "markers": "python_version < '3.8'",
            "version": "==1.5.2"
        },
        "typing-extensions": {
            "hashes": [
                "sha256:1a9462dcc3347a79b1f1c0271fbe79e844580bb598bafa1ed208b94da3cdcd42",
                "sha256:21c85e0fe4b9a155d0799430b0ad741cdce7e359660ccbd8b530613e8df88ce2"
            ],
            "markers": "python_version < '3.8'",
            "version": "==4.1.1"
        },
        "urllib3": {
            "hashes": [
                "sha256:8d7eaa5a82a1cac232164990f04874c594c9453ec55eef02eab885aa02fc17a2",
                "sha256:f5321fbe4bf3fefa0efd0bfe7fb14e90909eb62a48ccda331726b4319897dd5e"
            ],
            "markers": "python_version >= '2.7' and python_version not in '3.0, 3.1, 3.2, 3.3, 3.4' and python_version < '4'",
            "version": "==1.25.11"
        },
        "warhammer-stats": {
            "hashes": [
                "sha256:013dbeea3f6fc91350c8d4a2903bd95619922f4feb748dd99f63fb3a02f87384",
                "sha256:f6cdb82e5197b5b75fcd2c88a80f69ab2f17329bcb29171426f9060df77537d7"
            ],
            "index": "pypi",
            "version": "==0.0.7"
        },
        "werkzeug": {
            "hashes": [
                "sha256:1421ebfc7648a39a5c58c601b154165d05cf47a3cd0ccb70857cbdacf6c8f2b8",
                "sha256:b863f8ff057c522164b6067c9e28b041161b4be5ba4d0daceeaa50a163822d3c"
            ],
            "markers": "python_version >= '3.6'",
            "version": "==2.0.3"
        },
        "zipp": {
            "hashes": [
                "sha256:9f50f446828eb9d45b267433fd3e9da8d801f614129124863f9c51ebceafb87d",
                "sha256:b47250dd24f92b7dd6a0a8fc5244da14608f3ca90a5efcd37a3b1642fac9a375"
            ],
            "markers": "python_version >= '3.7'",
            "version": "==3.7.0"
        }
    },
    "develop": {
        "astroid": {
            "hashes": [
                "sha256:87ae7f2398b8a0ae5638ddecf9987f081b756e0e9fc071aeebdca525671fc4dc",
                "sha256:b31c92f545517dcc452f284bc9c044050862fbe6d93d2b3de4a215a6b384bf0d"
            ],
            "markers": "python_version >= '3.6'",
            "version": "==2.5"
        },
        "isort": {
            "hashes": [
                "sha256:6f62d78e2f89b4500b080fe3a81690850cd254227f27f75c3a0c491a1f351ba7",
                "sha256:e8443a5e7a020e9d7f97f1d7d9cd17c88bcb3bc7e218bf9cf5095fe550be2951"
            ],
            "markers": "python_version < '4.0' and python_full_version >= '3.6.1'",
            "version": "==5.10.1"
        },
        "lazy-object-proxy": {
            "hashes": [
                "sha256:043651b6cb706eee4f91854da4a089816a6606c1428fd391573ef8cb642ae4f7",
                "sha256:07fa44286cda977bd4803b656ffc1c9b7e3bc7dff7d34263446aec8f8c96f88a",
                "sha256:12f3bb77efe1367b2515f8cb4790a11cffae889148ad33adad07b9b55e0ab22c",
                "sha256:2052837718516a94940867e16b1bb10edb069ab475c3ad84fd1e1a6dd2c0fcfc",
                "sha256:2130db8ed69a48a3440103d4a520b89d8a9405f1b06e2cc81640509e8bf6548f",
                "sha256:39b0e26725c5023757fc1ab2a89ef9d7ab23b84f9251e28f9cc114d5b59c1b09",
                "sha256:46ff647e76f106bb444b4533bb4153c7370cdf52efc62ccfc1a28bdb3cc95442",
                "sha256:4dca6244e4121c74cc20542c2ca39e5c4a5027c81d112bfb893cf0790f96f57e",
                "sha256:553b0f0d8dbf21890dd66edd771f9b1b5f51bd912fa5f26de4449bfc5af5e029",
                "sha256:677ea950bef409b47e51e733283544ac3d660b709cfce7b187f5ace137960d61",
                "sha256:6a24357267aa976abab660b1d47a34aaf07259a0c3859a34e536f1ee6e76b5bb",
                "sha256:6a6e94c7b02641d1311228a102607ecd576f70734dc3d5e22610111aeacba8a0",
                "sha256:6aff3fe5de0831867092e017cf67e2750c6a1c7d88d84d2481bd84a2e019ec35",
                "sha256:6ecbb350991d6434e1388bee761ece3260e5228952b1f0c46ffc800eb313ff42",
                "sha256:7096a5e0c1115ec82641afbdd70451a144558ea5cf564a896294e346eb611be1",
                "sha256:70ed0c2b380eb6248abdef3cd425fc52f0abd92d2b07ce26359fcbc399f636ad",
                "sha256:8561da8b3dd22d696244d6d0d5330618c993a215070f473b699e00cf1f3f6443",
                "sha256:85b232e791f2229a4f55840ed54706110c80c0a210d076eee093f2b2e33e1bfd",
                "sha256:898322f8d078f2654d275124a8dd19b079080ae977033b713f677afcfc88e2b9",
                "sha256:8f3953eb575b45480db6568306893f0bd9d8dfeeebd46812aa09ca9579595148",
                "sha256:91ba172fc5b03978764d1df5144b4ba4ab13290d7bab7a50f12d8117f8630c38",
                "sha256:9d166602b525bf54ac994cf833c385bfcc341b364e3ee71e3bf5a1336e677b55",
                "sha256:a57d51ed2997e97f3b8e3500c984db50a554bb5db56c50b5dab1b41339b37e36",
                "sha256:b9e89b87c707dd769c4ea91f7a31538888aad05c116a59820f28d59b3ebfe25a",
                "sha256:bb8c5fd1684d60a9902c60ebe276da1f2281a318ca16c1d0a96db28f62e9166b",
                "sha256:c19814163728941bb871240d45c4c30d33b8a2e85972c44d4e63dd7107faba44",
                "sha256:c4ce15276a1a14549d7e81c243b887293904ad2d94ad767f42df91e75fd7b5b6",
                "sha256:c7a683c37a8a24f6428c28c561c80d5f4fd316ddcf0c7cab999b15ab3f5c5c69",
                "sha256:d609c75b986def706743cdebe5e47553f4a5a1da9c5ff66d76013ef396b5a8a4",
                "sha256:d66906d5785da8e0be7360912e99c9188b70f52c422f9fc18223347235691a84",
                "sha256:dd7ed7429dbb6c494aa9bc4e09d94b778a3579be699f9d67da7e6804c422d3de",
                "sha256:df2631f9d67259dc9620d831384ed7732a198eb434eadf69aea95ad18c587a28",
                "sha256:e368b7f7eac182a59ff1f81d5f3802161932a41dc1b1cc45c1f757dc876b5d2c",
                "sha256:e40f2013d96d30217a51eeb1db28c9ac41e9d0ee915ef9d00da639c5b63f01a1",
                "sha256:f769457a639403073968d118bc70110e7dce294688009f5c24ab78800ae56dc8",
                "sha256:fccdf7c2c5821a8cbd0a9440a456f5050492f2270bd54e94360cac663398739b",
                "sha256:fd45683c3caddf83abbb1249b653a266e7069a09f486daa8863fb0e7496a9fdb"
            ],
            "markers": "python_version >= '3.6'",
            "version": "==1.7.1"
        },
        "mccabe": {
            "hashes": [
                "sha256:ab8a6258860da4b6677da4bd2fe5dc2c659cff31b3ee4f7f5d64e79735b80d42",
                "sha256:dd8d182285a0fe56bace7f45b5e7d1a6ebcbf524e8f3bd87eb0f125271b8831f"
            ],
            "version": "==0.6.1"
        },
        "pylint": {
            "hashes": [
                "sha256:bb4a908c9dadbc3aac18860550e870f58e1a02c9f2c204fdf5693d73be061210",
                "sha256:bfe68f020f8a0fece830a22dd4d5dddb4ecc6137db04face4c3420a46a52239f"
            ],
            "index": "pypi",
            "version": "==2.6.0"
        },
        "toml": {
            "hashes": [
                "sha256:806143ae5bfb6a3c6e736a764057db0e6a0e05e338b5630894a5f779cabb4f9b",
                "sha256:b3bda1d108d5dd99f4a20d24d9c348e91c4db7ab1b749200bded2f839ccbe68f"
            ],
            "markers": "python_version >= '2.6' and python_version not in '3.0, 3.1, 3.2, 3.3'",
            "version": "==0.10.2"
        },
        "typed-ast": {
            "hashes": [
                "sha256:0eb77764ea470f14fcbb89d51bc6bbf5e7623446ac4ed06cbd9ca9495b62e36e",
                "sha256:1098df9a0592dd4c8c0ccfc2e98931278a6c6c53cb3a3e2cf7e9ee3b06153344",
                "sha256:183b183b7771a508395d2cbffd6db67d6ad52958a5fdc99f450d954003900266",
                "sha256:18fe320f354d6f9ad3147859b6e16649a0781425268c4dde596093177660e71a",
                "sha256:26a432dc219c6b6f38be20a958cbe1abffcc5492821d7e27f08606ef99e0dffd",
                "sha256:294a6903a4d087db805a7656989f613371915fc45c8cc0ddc5c5a0a8ad9bea4d",
                "sha256:31d8c6b2df19a777bc8826770b872a45a1f30cfefcfd729491baa5237faae837",
                "sha256:33b4a19ddc9fc551ebabca9765d54d04600c4a50eda13893dadf67ed81d9a098",
                "sha256:42c47c3b43fe3a39ddf8de1d40dbbfca60ac8530a36c9b198ea5b9efac75c09e",
                "sha256:525a2d4088e70a9f75b08b3f87a51acc9cde640e19cc523c7e41aa355564ae27",
                "sha256:58ae097a325e9bb7a684572d20eb3e1809802c5c9ec7108e85da1eb6c1a3331b",
                "sha256:676d051b1da67a852c0447621fdd11c4e104827417bf216092ec3e286f7da596",
                "sha256:74cac86cc586db8dfda0ce65d8bcd2bf17b58668dfcc3652762f3ef0e6677e76",
                "sha256:8c08d6625bb258179b6e512f55ad20f9dfef019bbfbe3095247401e053a3ea30",
                "sha256:90904d889ab8e81a956f2c0935a523cc4e077c7847a836abee832f868d5c26a4",
                "sha256:963a0ccc9a4188524e6e6d39b12c9ca24cc2d45a71cfdd04a26d883c922b4b78",
                "sha256:bbebc31bf11762b63bf61aaae232becb41c5bf6b3461b80a4df7e791fabb3aca",
                "sha256:bc2542e83ac8399752bc16e0b35e038bdb659ba237f4222616b4e83fb9654985",
                "sha256:c29dd9a3a9d259c9fa19d19738d021632d673f6ed9b35a739f48e5f807f264fb",
                "sha256:c7407cfcad702f0b6c0e0f3e7ab876cd1d2c13b14ce770e412c0c4b9728a0f88",
                "sha256:da0a98d458010bf4fe535f2d1e367a2e2060e105978873c04c04212fb20543f7",
                "sha256:df05aa5b241e2e8045f5f4367a9f6187b09c4cdf8578bb219861c4e27c443db5",
                "sha256:f290617f74a610849bd8f5514e34ae3d09eafd521dceaa6cf68b3f4414266d4e",
                "sha256:f30ddd110634c2d7534b2d4e0e22967e88366b0d356b24de87419cc4410c41b7"
            ],
            "markers": "python_version < '3.8'",
            "version": "==1.5.2"
        },
        "wrapt": {
            "hashes": [
                "sha256:b62ffa81fb85f4332a4f609cab4ac40709470da05643a082ec1eb88e6d9b97d7"
            ],
            "version": "==1.12.1"
        }
    }
}
